
Microsoft Visual Studio Solution File, Format Version 12.00
# Visual Studio 15
VisualStudioVersion = 15.0.26124.0
MinimumVisualStudioVersion = 15.0.26124.0
Project("{F2A71F9B-5D33-465A-A702-920D77279786}") = "JsonStream", "JsonStream\JsonStream.fsproj", "{EFC7811B-32E8-47DB-B120-6D128EFAFAA5}"
EndProject
Project("{F2A71F9B-5D33-465A-A702-920D77279786}") = "JsonStream.Tests", "JsonStream.Tests\JsonStream.Tests.fsproj", "{1122B2BD-6615-483C-A0BF-F16313342150}"
EndProject
Project("{F2A71F9B-5D33-465A-A702-920D77279786}") = "JsonDeserializer", "JsonDeserializer\JsonDeserializer.fsproj", "{6E8A80D8-E5AF-4A5A-A9A5-138513722E79}"
EndProject
Project("{F2A71F9B-5D33-465A-A702-920D77279786}") = "ClassGenerator", "ClassGenerator\ClassGenerator.fsproj", "{48A854EB-C17E-4BEB-8E2C-4C3C8B93D6C6}"
EndProject
Global
	GlobalSection(SolutionConfigurationPlatforms) = preSolution
		Debug|Any CPU = Debug|Any CPU
		Debug|x64 = Debug|x64
		Debug|x86 = Debug|x86
		Release|Any CPU = Release|Any CPU
		Release|x64 = Release|x64
		Release|x86 = Release|x86
	EndGlobalSection
	GlobalSection(SolutionProperties) = preSolution
		HideSolutionNode = FALSE
	EndGlobalSection
	GlobalSection(ProjectConfigurationPlatforms) = postSolution
		{EFC7811B-32E8-47DB-B120-6D128EFAFAA5}.Debug|Any CPU.ActiveCfg = Debug|Any CPU
		{EFC7811B-32E8-47DB-B120-6D128EFAFAA5}.Debug|Any CPU.Build.0 = Debug|Any CPU
		{EFC7811B-32E8-47DB-B120-6D128EFAFAA5}.Debug|x64.ActiveCfg = Debug|Any CPU
		{EFC7811B-32E8-47DB-B120-6D128EFAFAA5}.Debug|x64.Build.0 = Debug|Any CPU
		{EFC7811B-32E8-47DB-B120-6D128EFAFAA5}.Debug|x86.ActiveCfg = Debug|Any CPU
		{EFC7811B-32E8-47DB-B120-6D128EFAFAA5}.Debug|x86.Build.0 = Debug|Any CPU
		{EFC7811B-32E8-47DB-B120-6D128EFAFAA5}.Release|Any CPU.ActiveCfg = Release|Any CPU
		{EFC7811B-32E8-47DB-B120-6D128EFAFAA5}.Release|Any CPU.Build.0 = Release|Any CPU
		{EFC7811B-32E8-47DB-B120-6D128EFAFAA5}.Release|x64.ActiveCfg = Release|Any CPU
		{EFC7811B-32E8-47DB-B120-6D128EFAFAA5}.Release|x64.Build.0 = Release|Any CPU
		{EFC7811B-32E8-47DB-B120-6D128EFAFAA5}.Release|x86.ActiveCfg = Release|Any CPU
		{EFC7811B-32E8-47DB-B120-6D128EFAFAA5}.Release|x86.Build.0 = Release|Any CPU
		{1122B2BD-6615-483C-A0BF-F16313342150}.Debug|Any CPU.ActiveCfg = Debug|Any CPU
		{1122B2BD-6615-483C-A0BF-F16313342150}.Debug|Any CPU.Build.0 = Debug|Any CPU
		{1122B2BD-6615-483C-A0BF-F16313342150}.Debug|x64.ActiveCfg = Debug|Any CPU
		{1122B2BD-6615-483C-A0BF-F16313342150}.Debug|x64.Build.0 = Debug|Any CPU
		{1122B2BD-6615-483C-A0BF-F16313342150}.Debug|x86.ActiveCfg = Debug|Any CPU
		{1122B2BD-6615-483C-A0BF-F16313342150}.Debug|x86.Build.0 = Debug|Any CPU
		{1122B2BD-6615-483C-A0BF-F16313342150}.Release|Any CPU.ActiveCfg = Release|Any CPU
		{1122B2BD-6615-483C-A0BF-F16313342150}.Release|Any CPU.Build.0 = Release|Any CPU
		{1122B2BD-6615-483C-A0BF-F16313342150}.Release|x64.ActiveCfg = Release|Any CPU
		{1122B2BD-6615-483C-A0BF-F16313342150}.Release|x64.Build.0 = Release|Any CPU
		{1122B2BD-6615-483C-A0BF-F16313342150}.Release|x86.ActiveCfg = Release|Any CPU
		{1122B2BD-6615-483C-A0BF-F16313342150}.Release|x86.Build.0 = Release|Any CPU
		{6E8A80D8-E5AF-4A5A-A9A5-138513722E79}.Debug|Any CPU.ActiveCfg = Debug|Any CPU
		{6E8A80D8-E5AF-4A5A-A9A5-138513722E79}.Debug|Any CPU.Build.0 = Debug|Any CPU
		{6E8A80D8-E5AF-4A5A-A9A5-138513722E79}.Debug|x64.ActiveCfg = Debug|Any CPU
		{6E8A80D8-E5AF-4A5A-A9A5-138513722E79}.Debug|x64.Build.0 = Debug|Any CPU
		{6E8A80D8-E5AF-4A5A-A9A5-138513722E79}.Debug|x86.ActiveCfg = Debug|Any CPU
		{6E8A80D8-E5AF-4A5A-A9A5-138513722E79}.Debug|x86.Build.0 = Debug|Any CPU
		{6E8A80D8-E5AF-4A5A-A9A5-138513722E79}.Release|Any CPU.ActiveCfg = Release|Any CPU
		{6E8A80D8-E5AF-4A5A-A9A5-138513722E79}.Release|Any CPU.Build.0 = Release|Any CPU
		{6E8A80D8-E5AF-4A5A-A9A5-138513722E79}.Release|x64.ActiveCfg = Release|Any CPU
		{6E8A80D8-E5AF-4A5A-A9A5-138513722E79}.Release|x64.Build.0 = Release|Any CPU
		{6E8A80D8-E5AF-4A5A-A9A5-138513722E79}.Release|x86.ActiveCfg = Release|Any CPU
		{6E8A80D8-E5AF-4A5A-A9A5-138513722E79}.Release|x86.Build.0 = Release|Any CPU
		{48A854EB-C17E-4BEB-8E2C-4C3C8B93D6C6}.Debug|Any CPU.ActiveCfg = Debug|Any CPU
		{48A854EB-C17E-4BEB-8E2C-4C3C8B93D6C6}.Debug|Any CPU.Build.0 = Debug|Any CPU
		{48A854EB-C17E-4BEB-8E2C-4C3C8B93D6C6}.Debug|x64.ActiveCfg = Debug|Any CPU
		{48A854EB-C17E-4BEB-8E2C-4C3C8B93D6C6}.Debug|x64.Build.0 = Debug|Any CPU
		{48A854EB-C17E-4BEB-8E2C-4C3C8B93D6C6}.Debug|x86.ActiveCfg = Debug|Any CPU
		{48A854EB-C17E-4BEB-8E2C-4C3C8B93D6C6}.Debug|x86.Build.0 = Debug|Any CPU
		{48A854EB-C17E-4BEB-8E2C-4C3C8B93D6C6}.Release|Any CPU.ActiveCfg = Release|Any CPU
		{48A854EB-C17E-4BEB-8E2C-4C3C8B93D6C6}.Release|Any CPU.Build.0 = Release|Any CPU
		{48A854EB-C17E-4BEB-8E2C-4C3C8B93D6C6}.Release|x64.ActiveCfg = Release|Any CPU
		{48A854EB-C17E-4BEB-8E2C-4C3C8B93D6C6}.Release|x64.Build.0 = Release|Any CPU
		{48A854EB-C17E-4BEB-8E2C-4C3C8B93D6C6}.Release|x86.ActiveCfg = Release|Any CPU
		{48A854EB-C17E-4BEB-8E2C-4C3C8B93D6C6}.Release|x86.Build.0 = Release|Any CPU
	EndGlobalSection
EndGlobal
